// !$*UTF8*$!
{
	archiveVersion = 1;
	classes = {
	};
	objectVersion = 56;
	objects = {

/* Begin PBXBuildFile section */
		B538B6B028F554FD0066BB3D /* RemotePokemonDetails.swift in Sources */ = {isa = PBXBuildFile; fileRef = B538B6AF28F554FD0066BB3D /* RemotePokemonDetails.swift */; };
		B538B6B228F55D980066BB3D /* UIImage+URL.swift in Sources */ = {isa = PBXBuildFile; fileRef = B538B6B128F55D980066BB3D /* UIImage+URL.swift */; };
		B538B6BA28F58AC30066BB3D /* ZoogleAnalytics in Frameworks */ = {isa = PBXBuildFile; productRef = B538B6B928F58AC30066BB3D /* ZoogleAnalytics */; };
		B5B7768128F432680034F302 /* AppDelegate.swift in Sources */ = {isa = PBXBuildFile; fileRef = B5B7768028F432680034F302 /* AppDelegate.swift */; };
		B5B7768328F432680034F302 /* SceneDelegate.swift in Sources */ = {isa = PBXBuildFile; fileRef = B5B7768228F432680034F302 /* SceneDelegate.swift */; };
		B5B7768A28F4326A0034F302 /* Assets.xcassets in Resources */ = {isa = PBXBuildFile; fileRef = B5B7768928F4326A0034F302 /* Assets.xcassets */; };
		B5B7768D28F4326A0034F302 /* LaunchScreen.storyboard in Resources */ = {isa = PBXBuildFile; fileRef = B5B7768B28F4326A0034F302 /* LaunchScreen.storyboard */; };
		B5B776B228F433B00034F302 /* PokemonListViewController.swift in Sources */ = {isa = PBXBuildFile; fileRef = B5B776B028F433B00034F302 /* PokemonListViewController.swift */; };
		B5B776B328F433B00034F302 /* PokemonListViewController.xib in Resources */ = {isa = PBXBuildFile; fileRef = B5B776B128F433B00034F302 /* PokemonListViewController.xib */; };
		B5B776B628F4341A0034F302 /* PokemonDetailsViewController.swift in Sources */ = {isa = PBXBuildFile; fileRef = B5B776B428F4341A0034F302 /* PokemonDetailsViewController.swift */; };
		B5B776B728F4341A0034F302 /* PokemonDetailsViewController.xib in Resources */ = {isa = PBXBuildFile; fileRef = B5B776B528F4341A0034F302 /* PokemonDetailsViewController.xib */; };
		B5DFE1AC28F43AC00055CD85 /* RemotePokemonListItem.swift in Sources */ = {isa = PBXBuildFile; fileRef = B5DFE1AB28F43AC00055CD85 /* RemotePokemonListItem.swift */; };
		B5DFE1AF28F43BBF0055CD85 /* PokemonListItemTableViewCell.swift in Sources */ = {isa = PBXBuildFile; fileRef = B5DFE1AD28F43BBF0055CD85 /* PokemonListItemTableViewCell.swift */; };
		B5DFE1B028F43BBF0055CD85 /* PokemonListItemTableViewCell.xib in Resources */ = {isa = PBXBuildFile; fileRef = B5DFE1AE28F43BBF0055CD85 /* PokemonListItemTableViewCell.xib */; };
		B5DFE1B328F43BCD0055CD85 /* LoadingTableViewCell.swift in Sources */ = {isa = PBXBuildFile; fileRef = B5DFE1B128F43BCD0055CD85 /* LoadingTableViewCell.swift */; };
		B5DFE1B428F43BCD0055CD85 /* LoadingTableViewCell.xib in Resources */ = {isa = PBXBuildFile; fileRef = B5DFE1B228F43BCD0055CD85 /* LoadingTableViewCell.xib */; };
		B5DFE1B628F461A50055CD85 /* RemotePokemonDataSource.swift in Sources */ = {isa = PBXBuildFile; fileRef = B5DFE1B528F461A50055CD85 /* RemotePokemonDataSource.swift */; };
		B5DFE1B828F461E80055CD85 /* RemotePokemonList.swift in Sources */ = {isa = PBXBuildFile; fileRef = B5DFE1B728F461E80055CD85 /* RemotePokemonList.swift */; };
		B5DFE1BA28F472940055CD85 /* URL+FetchDecodable.swift in Sources */ = {isa = PBXBuildFile; fileRef = B5DFE1B928F472940055CD85 /* URL+FetchDecodable.swift */; };
		B5DFE1BC28F472D50055CD85 /* Data+Decodable.swift in Sources */ = {isa = PBXBuildFile; fileRef = B5DFE1BB28F472D50055CD85 /* Data+Decodable.swift */; };
/* End PBXBuildFile section */

/* Begin PBXContainerItemProxy section */
		B5B7769428F4326B0034F302 /* PBXContainerItemProxy */ = {
			isa = PBXContainerItemProxy;
			containerPortal = B5B7767528F432680034F302 /* Project object */;
			proxyType = 1;
			remoteGlobalIDString = B5B7767C28F432680034F302;
			remoteInfo = Pokemon;
		};
		B5B7769E28F4326B0034F302 /* PBXContainerItemProxy */ = {
			isa = PBXContainerItemProxy;
			containerPortal = B5B7767528F432680034F302 /* Project object */;
			proxyType = 1;
			remoteGlobalIDString = B5B7767C28F432680034F302;
			remoteInfo = Pokemon;
		};
/* End PBXContainerItemProxy section */

/* Begin PBXFileReference section */
		B538B6AF28F554FD0066BB3D /* RemotePokemonDetails.swift */ = {isa = PBXFileReference; lastKnownFileType = sourcecode.swift; path = RemotePokemonDetails.swift; sourceTree = "<group>"; };
		B538B6B128F55D980066BB3D /* UIImage+URL.swift */ = {isa = PBXFileReference; lastKnownFileType = sourcecode.swift; path = "UIImage+URL.swift"; sourceTree = "<group>"; };
		B538B6B728F58A8B0066BB3D /* ZoogleAnalytics */ = {isa = PBXFileReference; lastKnownFileType = wrapper; path = ZoogleAnalytics; sourceTree = "<group>"; };
		B5B7767D28F432680034F302 /* Pokemon.app */ = {isa = PBXFileReference; explicitFileType = wrapper.application; includeInIndex = 0; path = Pokemon.app; sourceTree = BUILT_PRODUCTS_DIR; };
		B5B7768028F432680034F302 /* AppDelegate.swift */ = {isa = PBXFileReference; lastKnownFileType = sourcecode.swift; path = AppDelegate.swift; sourceTree = "<group>"; };
		B5B7768228F432680034F302 /* SceneDelegate.swift */ = {isa = PBXFileReference; lastKnownFileType = sourcecode.swift; path = SceneDelegate.swift; sourceTree = "<group>"; };
		B5B7768928F4326A0034F302 /* Assets.xcassets */ = {isa = PBXFileReference; lastKnownFileType = folder.assetcatalog; path = Assets.xcassets; sourceTree = "<group>"; };
		B5B7768C28F4326A0034F302 /* Base */ = {isa = PBXFileReference; lastKnownFileType = file.storyboard; name = Base; path = Base.lproj/LaunchScreen.storyboard; sourceTree = "<group>"; };
		B5B7768E28F4326A0034F302 /* Info.plist */ = {isa = PBXFileReference; lastKnownFileType = text.plist.xml; path = Info.plist; sourceTree = "<group>"; };
		B5B7769328F4326B0034F302 /* PokemonTests.xctest */ = {isa = PBXFileReference; explicitFileType = wrapper.cfbundle; includeInIndex = 0; path = PokemonTests.xctest; sourceTree = BUILT_PRODUCTS_DIR; };
		B5B7769D28F4326B0034F302 /* PokemonUITests.xctest */ = {isa = PBXFileReference; explicitFileType = wrapper.cfbundle; includeInIndex = 0; path = PokemonUITests.xctest; sourceTree = BUILT_PRODUCTS_DIR; };
		B5B776B028F433B00034F302 /* PokemonListViewController.swift */ = {isa = PBXFileReference; lastKnownFileType = sourcecode.swift; path = PokemonListViewController.swift; sourceTree = "<group>"; };
		B5B776B128F433B00034F302 /* PokemonListViewController.xib */ = {isa = PBXFileReference; lastKnownFileType = file.xib; path = PokemonListViewController.xib; sourceTree = "<group>"; };
		B5B776B428F4341A0034F302 /* PokemonDetailsViewController.swift */ = {isa = PBXFileReference; lastKnownFileType = sourcecode.swift; path = PokemonDetailsViewController.swift; sourceTree = "<group>"; };
		B5B776B528F4341A0034F302 /* PokemonDetailsViewController.xib */ = {isa = PBXFileReference; lastKnownFileType = file.xib; path = PokemonDetailsViewController.xib; sourceTree = "<group>"; };
		B5DFE1AB28F43AC00055CD85 /* RemotePokemonListItem.swift */ = {isa = PBXFileReference; lastKnownFileType = sourcecode.swift; path = RemotePokemonListItem.swift; sourceTree = "<group>"; };
		B5DFE1AD28F43BBF0055CD85 /* PokemonListItemTableViewCell.swift */ = {isa = PBXFileReference; lastKnownFileType = sourcecode.swift; path = PokemonListItemTableViewCell.swift; sourceTree = "<group>"; };
		B5DFE1AE28F43BBF0055CD85 /* PokemonListItemTableViewCell.xib */ = {isa = PBXFileReference; lastKnownFileType = file.xib; path = PokemonListItemTableViewCell.xib; sourceTree = "<group>"; };
		B5DFE1B128F43BCD0055CD85 /* LoadingTableViewCell.swift */ = {isa = PBXFileReference; lastKnownFileType = sourcecode.swift; path = LoadingTableViewCell.swift; sourceTree = "<group>"; };
		B5DFE1B228F43BCD0055CD85 /* LoadingTableViewCell.xib */ = {isa = PBXFileReference; lastKnownFileType = file.xib; path = LoadingTableViewCell.xib; sourceTree = "<group>"; };
		B5DFE1B528F461A50055CD85 /* RemotePokemonDataSource.swift */ = {isa = PBXFileReference; lastKnownFileType = sourcecode.swift; path = RemotePokemonDataSource.swift; sourceTree = "<group>"; };
		B5DFE1B728F461E80055CD85 /* RemotePokemonList.swift */ = {isa = PBXFileReference; lastKnownFileType = sourcecode.swift; path = RemotePokemonList.swift; sourceTree = "<group>"; };
		B5DFE1B928F472940055CD85 /* URL+FetchDecodable.swift */ = {isa = PBXFileReference; lastKnownFileType = sourcecode.swift; path = "URL+FetchDecodable.swift"; sourceTree = "<group>"; };
		B5DFE1BB28F472D50055CD85 /* Data+Decodable.swift */ = {isa = PBXFileReference; lastKnownFileType = sourcecode.swift; path = "Data+Decodable.swift"; sourceTree = "<group>"; };
/* End PBXFileReference section */

/* Begin PBXFrameworksBuildPhase section */
		B5B7767A28F432680034F302 /* Frameworks */ = {
			isa = PBXFrameworksBuildPhase;
			buildActionMask = 2147483647;
			files = (
				B538B6BA28F58AC30066BB3D /* ZoogleAnalytics in Frameworks */,
			);
			runOnlyForDeploymentPostprocessing = 0;
		};
		B5B7769028F4326B0034F302 /* Frameworks */ = {
			isa = PBXFrameworksBuildPhase;
			buildActionMask = 2147483647;
			files = (
			);
			runOnlyForDeploymentPostprocessing = 0;
		};
		B5B7769A28F4326B0034F302 /* Frameworks */ = {
			isa = PBXFrameworksBuildPhase;
			buildActionMask = 2147483647;
			files = (
			);
			runOnlyForDeploymentPostprocessing = 0;
		};
/* End PBXFrameworksBuildPhase section */

/* Begin PBXGroup section */
		B538B6B828F58ABD0066BB3D /* Frameworks */ = {
			isa = PBXGroup;
			children = (
			);
			name = Frameworks;
			sourceTree = "<group>";
		};
		B5B7767428F432680034F302 = {
			isa = PBXGroup;
			children = (
				B538B6B728F58A8B0066BB3D /* ZoogleAnalytics */,
				B5B7767F28F432680034F302 /* Pokemon */,
				B5B7769628F4326B0034F302 /* PokemonTests */,
				B5B776A028F4326B0034F302 /* PokemonUITests */,
				B5B7767E28F432680034F302 /* Products */,
				B538B6B828F58ABD0066BB3D /* Frameworks */,
			);
			sourceTree = "<group>";
		};
		B5B7767E28F432680034F302 /* Products */ = {
			isa = PBXGroup;
			children = (
				B5B7767D28F432680034F302 /* Pokemon.app */,
				B5B7769328F4326B0034F302 /* PokemonTests.xctest */,
				B5B7769D28F4326B0034F302 /* PokemonUITests.xctest */,
			);
			name = Products;
			sourceTree = "<group>";
		};
		B5B7767F28F432680034F302 /* Pokemon */ = {
			isa = PBXGroup;
			children = (
				B5B7768028F432680034F302 /* AppDelegate.swift */,
				B5B7768228F432680034F302 /* SceneDelegate.swift */,
				B5B7768928F4326A0034F302 /* Assets.xcassets */,
				B5B7768B28F4326A0034F302 /* LaunchScreen.storyboard */,
				B5B7768E28F4326A0034F302 /* Info.plist */,
				B5B776B028F433B00034F302 /* PokemonListViewController.swift */,
				B5B776B128F433B00034F302 /* PokemonListViewController.xib */,
				B5B776B428F4341A0034F302 /* PokemonDetailsViewController.swift */,
				B5B776B528F4341A0034F302 /* PokemonDetailsViewController.xib */,
				B5DFE1AB28F43AC00055CD85 /* RemotePokemonListItem.swift */,
				B5DFE1AD28F43BBF0055CD85 /* PokemonListItemTableViewCell.swift */,
				B5DFE1AE28F43BBF0055CD85 /* PokemonListItemTableViewCell.xib */,
				B5DFE1B128F43BCD0055CD85 /* LoadingTableViewCell.swift */,
				B5DFE1B228F43BCD0055CD85 /* LoadingTableViewCell.xib */,
				B5DFE1B528F461A50055CD85 /* RemotePokemonDataSource.swift */,
				B5DFE1B728F461E80055CD85 /* RemotePokemonList.swift */,
				B5DFE1B928F472940055CD85 /* URL+FetchDecodable.swift */,
				B5DFE1BB28F472D50055CD85 /* Data+Decodable.swift */,
				B538B6AF28F554FD0066BB3D /* RemotePokemonDetails.swift */,
				B538B6B128F55D980066BB3D /* UIImage+URL.swift */,
			);
			path = Pokemon;
			sourceTree = "<group>";
		};
		B5B7769628F4326B0034F302 /* PokemonTests */ = {
			isa = PBXGroup;
			children = (
			);
			path = PokemonTests;
			sourceTree = "<group>";
		};
		B5B776A028F4326B0034F302 /* PokemonUITests */ = {
			isa = PBXGroup;
			children = (
			);
			path = PokemonUITests;
			sourceTree = "<group>";
		};
/* End PBXGroup section */

/* Begin PBXNativeTarget section */
		B5B7767C28F432680034F302 /* Pokemon */ = {
			isa = PBXNativeTarget;
			buildConfigurationList = B5B776A728F4326B0034F302 /* Build configuration list for PBXNativeTarget "Pokemon" */;
			buildPhases = (
				B5B7767928F432680034F302 /* Sources */,
				B5B7767A28F432680034F302 /* Frameworks */,
				B5B7767B28F432680034F302 /* Resources */,
			);
			buildRules = (
			);
			dependencies = (
			);
			name = Pokemon;
			packageProductDependencies = (
				B538B6B928F58AC30066BB3D /* ZoogleAnalytics */,
			);
			productName = Pokemon;
			productReference = B5B7767D28F432680034F302 /* Pokemon.app */;
			productType = "com.apple.product-type.application";
		};
		B5B7769228F4326B0034F302 /* PokemonTests */ = {
			isa = PBXNativeTarget;
			buildConfigurationList = B5B776AA28F4326B0034F302 /* Build configuration list for PBXNativeTarget "PokemonTests" */;
			buildPhases = (
				B5B7768F28F4326B0034F302 /* Sources */,
				B5B7769028F4326B0034F302 /* Frameworks */,
				B5B7769128F4326B0034F302 /* Resources */,
			);
			buildRules = (
			);
			dependencies = (
				B5B7769528F4326B0034F302 /* PBXTargetDependency */,
			);
			name = PokemonTests;
			productName = PokemonTests;
			productReference = B5B7769328F4326B0034F302 /* PokemonTests.xctest */;
			productType = "com.apple.product-type.bundle.unit-test";
		};
		B5B7769C28F4326B0034F302 /* PokemonUITests */ = {
			isa = PBXNativeTarget;
			buildConfigurationList = B5B776AD28F4326B0034F302 /* Build configuration list for PBXNativeTarget "PokemonUITests" */;
			buildPhases = (
				B5B7769928F4326B0034F302 /* Sources */,
				B5B7769A28F4326B0034F302 /* Frameworks */,
				B5B7769B28F4326B0034F302 /* Resources */,
			);
			buildRules = (
			);
			dependencies = (
				B5B7769F28F4326B0034F302 /* PBXTargetDependency */,
			);
			name = PokemonUITests;
			productName = PokemonUITests;
			productReference = B5B7769D28F4326B0034F302 /* PokemonUITests.xctest */;
			productType = "com.apple.product-type.bundle.ui-testing";
		};
/* End PBXNativeTarget section */

/* Begin PBXProject section */
		B5B7767528F432680034F302 /* Project object */ = {
			isa = PBXProject;
			attributes = {
				BuildIndependentTargetsInParallel = 1;
				LastSwiftUpdateCheck = 1400;
				LastUpgradeCheck = 1400;
				TargetAttributes = {
					B5B7767C28F432680034F302 = {
						CreatedOnToolsVersion = 14.0.1;
					};
					B5B7769228F4326B0034F302 = {
						CreatedOnToolsVersion = 14.0.1;
						TestTargetID = B5B7767C28F432680034F302;
					};
					B5B7769C28F4326B0034F302 = {
						CreatedOnToolsVersion = 14.0.1;
						TestTargetID = B5B7767C28F432680034F302;
					};
				};
			};
			buildConfigurationList = B5B7767828F432680034F302 /* Build configuration list for PBXProject "Pokemon" */;
			compatibilityVersion = "Xcode 14.0";
			developmentRegion = en;
			hasScannedForEncodings = 0;
			knownRegions = (
				en,
				Base,
			);
			mainGroup = B5B7767428F432680034F302;
			productRefGroup = B5B7767E28F432680034F302 /* Products */;
			projectDirPath = "";
			projectRoot = "";
			targets = (
				B5B7767C28F432680034F302 /* Pokemon */,
				B5B7769228F4326B0034F302 /* PokemonTests */,
				B5B7769C28F4326B0034F302 /* PokemonUITests */,
			);
		};
/* End PBXProject section */

/* Begin PBXResourcesBuildPhase section */
		B5B7767B28F432680034F302 /* Resources */ = {
			isa = PBXResourcesBuildPhase;
			buildActionMask = 2147483647;
			files = (
				B5DFE1B428F43BCD0055CD85 /* LoadingTableViewCell.xib in Resources */,
				B5B776B728F4341A0034F302 /* PokemonDetailsViewController.xib in Resources */,
				B5B7768D28F4326A0034F302 /* LaunchScreen.storyboard in Resources */,
				B5B7768A28F4326A0034F302 /* Assets.xcassets in Resources */,
				B5DFE1B028F43BBF0055CD85 /* PokemonListItemTableViewCell.xib in Resources */,
				B5B776B328F433B00034F302 /* PokemonListViewController.xib in Resources */,
			);
			runOnlyForDeploymentPostprocessing = 0;
		};
		B5B7769128F4326B0034F302 /* Resources */ = {
			isa = PBXResourcesBuildPhase;
			buildActionMask = 2147483647;
			files = (
			);
			runOnlyForDeploymentPostprocessing = 0;
		};
		B5B7769B28F4326B0034F302 /* Resources */ = {
			isa = PBXResourcesBuildPhase;
			buildActionMask = 2147483647;
			files = (
			);
			runOnlyForDeploymentPostprocessing = 0;
		};
/* End PBXResourcesBuildPhase section */

/* Begin PBXSourcesBuildPhase section */
		B5B7767928F432680034F302 /* Sources */ = {
			isa = PBXSourcesBuildPhase;
			buildActionMask = 2147483647;
			files = (
				B5DFE1B628F461A50055CD85 /* RemotePokemonDataSource.swift in Sources */,
				B5B776B628F4341A0034F302 /* PokemonDetailsViewController.swift in Sources */,
				B5DFE1BA28F472940055CD85 /* URL+FetchDecodable.swift in Sources */,
				B5B7768128F432680034F302 /* AppDelegate.swift in Sources */,
				B538B6B028F554FD0066BB3D /* RemotePokemonDetails.swift in Sources */,
				B5DFE1AC28F43AC00055CD85 /* RemotePokemonListItem.swift in Sources */,
				B5DFE1B328F43BCD0055CD85 /* LoadingTableViewCell.swift in Sources */,
				B538B6B228F55D980066BB3D /* UIImage+URL.swift in Sources */,
				B5DFE1B828F461E80055CD85 /* RemotePokemonList.swift in Sources */,
				B5DFE1BC28F472D50055CD85 /* Data+Decodable.swift in Sources */,
				B5B776B228F433B00034F302 /* PokemonListViewController.swift in Sources */,
				B5DFE1AF28F43BBF0055CD85 /* PokemonListItemTableViewCell.swift in Sources */,
				B5B7768328F432680034F302 /* SceneDelegate.swift in Sources */,
			);
			runOnlyForDeploymentPostprocessing = 0;
		};
		B5B7768F28F4326B0034F302 /* Sources */ = {
			isa = PBXSourcesBuildPhase;
			buildActionMask = 2147483647;
			files = (
			);
			runOnlyForDeploymentPostprocessing = 0;
		};
		B5B7769928F4326B0034F302 /* Sources */ = {
			isa = PBXSourcesBuildPhase;
			buildActionMask = 2147483647;
			files = (
			);
			runOnlyForDeploymentPostprocessing = 0;
		};
/* End PBXSourcesBuildPhase section */

/* Begin PBXTargetDependency section */
		B5B7769528F4326B0034F302 /* PBXTargetDependency */ = {
			isa = PBXTargetDependency;
			target = B5B7767C28F432680034F302 /* Pokemon */;
			targetProxy = B5B7769428F4326B0034F302 /* PBXContainerItemProxy */;
		};
		B5B7769F28F4326B0034F302 /* PBXTargetDependency */ = {
			isa = PBXTargetDependency;
			target = B5B7767C28F432680034F302 /* Pokemon */;
			targetProxy = B5B7769E28F4326B0034F302 /* PBXContainerItemProxy */;
		};
/* End PBXTargetDependency section */

/* Begin PBXVariantGroup section */
		B5B7768B28F4326A0034F302 /* LaunchScreen.storyboard */ = {
			isa = PBXVariantGroup;
			children = (
				B5B7768C28F4326A0034F302 /* Base */,
			);
			name = LaunchScreen.storyboard;
			sourceTree = "<group>";
		};
/* End PBXVariantGroup section */

/* Begin XCBuildConfiguration section */
		B5B776A528F4326B0034F302 /* Debug */ = {
			isa = XCBuildConfiguration;
			buildSettings = {
				ALWAYS_SEARCH_USER_PATHS = NO;
				CLANG_ANALYZER_NONNULL = YES;
				CLANG_ANALYZER_NUMBER_OBJECT_CONVERSION = YES_AGGRESSIVE;
				CLANG_CXX_LANGUAGE_STANDARD = "gnu++20";
				CLANG_ENABLE_MODULES = YES;
				CLANG_ENABLE_OBJC_ARC = YES;
				CLANG_ENABLE_OBJC_WEAK = YES;
				CLANG_WARN_BLOCK_CAPTURE_AUTORELEASING = YES;
				CLANG_WARN_BOOL_CONVERSION = YES;
				CLANG_WARN_COMMA = YES;
				CLANG_WARN_CONSTANT_CONVERSION = YES;
				CLANG_WARN_DEPRECATED_OBJC_IMPLEMENTATIONS = YES;
				CLANG_WARN_DIRECT_OBJC_ISA_USAGE = YES_ERROR;
				CLANG_WARN_DOCUMENTATION_COMMENTS = YES;
				CLANG_WARN_EMPTY_BODY = YES;
				CLANG_WARN_ENUM_CONVERSION = YES;
				CLANG_WARN_INFINITE_RECURSION = YES;
				CLANG_WARN_INT_CONVERSION = YES;
				CLANG_WARN_NON_LITERAL_NULL_CONVERSION = YES;
				CLANG_WARN_OBJC_IMPLICIT_RETAIN_SELF = YES;
				CLANG_WARN_OBJC_LITERAL_CONVERSION = YES;
				CLANG_WARN_OBJC_ROOT_CLASS = YES_ERROR;
				CLANG_WARN_QUOTED_INCLUDE_IN_FRAMEWORK_HEADER = YES;
				CLANG_WARN_RANGE_LOOP_ANALYSIS = YES;
				CLANG_WARN_STRICT_PROTOTYPES = YES;
				CLANG_WARN_SUSPICIOUS_MOVE = YES;
				CLANG_WARN_UNGUARDED_AVAILABILITY = YES_AGGRESSIVE;
				CLANG_WARN_UNREACHABLE_CODE = YES;
				CLANG_WARN__DUPLICATE_METHOD_MATCH = YES;
				COPY_PHASE_STRIP = NO;
				DEBUG_INFORMATION_FORMAT = dwarf;
				ENABLE_STRICT_OBJC_MSGSEND = YES;
				ENABLE_TESTABILITY = YES;
				GCC_C_LANGUAGE_STANDARD = gnu11;
				GCC_DYNAMIC_NO_PIC = NO;
				GCC_NO_COMMON_BLOCKS = YES;
				GCC_OPTIMIZATION_LEVEL = 0;
				GCC_PREPROCESSOR_DEFINITIONS = (
					"DEBUG=1",
					"$(inherited)",
				);
				GCC_WARN_64_TO_32_BIT_CONVERSION = YES;
				GCC_WARN_ABOUT_RETURN_TYPE = YES_ERROR;
				GCC_WARN_UNDECLARED_SELECTOR = YES;
				GCC_WARN_UNINITIALIZED_AUTOS = YES_AGGRESSIVE;
				GCC_WARN_UNUSED_FUNCTION = YES;
				GCC_WARN_UNUSED_VARIABLE = YES;
				IPHONEOS_DEPLOYMENT_TARGET = 16.0;
				MTL_ENABLE_DEBUG_INFO = INCLUDE_SOURCE;
				MTL_FAST_MATH = YES;
				ONLY_ACTIVE_ARCH = YES;
				SDKROOT = iphoneos;
				SWIFT_ACTIVE_COMPILATION_CONDITIONS = DEBUG;
				SWIFT_OPTIMIZATION_LEVEL = "-Onone";
			};
			name = Debug;
		};
		B5B776A628F4326B0034F302 /* Release */ = {
			isa = XCBuildConfiguration;
			buildSettings = {
				ALWAYS_SEARCH_USER_PATHS = NO;
				CLANG_ANALYZER_NONNULL = YES;
				CLANG_ANALYZER_NUMBER_OBJECT_CONVERSION = YES_AGGRESSIVE;
				CLANG_CXX_LANGUAGE_STANDARD = "gnu++20";
				CLANG_ENABLE_MODULES = YES;
				CLANG_ENABLE_OBJC_ARC = YES;
				CLANG_ENABLE_OBJC_WEAK = YES;
				CLANG_WARN_BLOCK_CAPTURE_AUTORELEASING = YES;
				CLANG_WARN_BOOL_CONVERSION = YES;
				CLANG_WARN_COMMA = YES;
				CLANG_WARN_CONSTANT_CONVERSION = YES;
				CLANG_WARN_DEPRECATED_OBJC_IMPLEMENTATIONS = YES;
				CLANG_WARN_DIRECT_OBJC_ISA_USAGE = YES_ERROR;
				CLANG_WARN_DOCUMENTATION_COMMENTS = YES;
				CLANG_WARN_EMPTY_BODY = YES;
				CLANG_WARN_ENUM_CONVERSION = YES;
				CLANG_WARN_INFINITE_RECURSION = YES;
				CLANG_WARN_INT_CONVERSION = YES;
				CLANG_WARN_NON_LITERAL_NULL_CONVERSION = YES;
				CLANG_WARN_OBJC_IMPLICIT_RETAIN_SELF = YES;
				CLANG_WARN_OBJC_LITERAL_CONVERSION = YES;
				CLANG_WARN_OBJC_ROOT_CLASS = YES_ERROR;
				CLANG_WARN_QUOTED_INCLUDE_IN_FRAMEWORK_HEADER = YES;
				CLANG_WARN_RANGE_LOOP_ANALYSIS = YES;
				CLANG_WARN_STRICT_PROTOTYPES = YES;
				CLANG_WARN_SUSPICIOUS_MOVE = YES;
				CLANG_WARN_UNGUARDED_AVAILABILITY = YES_AGGRESSIVE;
				CLANG_WARN_UNREACHABLE_CODE = YES;
				CLANG_WARN__DUPLICATE_METHOD_MATCH = YES;
				COPY_PHASE_STRIP = NO;
				DEBUG_INFORMATION_FORMAT = "dwarf-with-dsym";
				ENABLE_NS_ASSERTIONS = NO;
				ENABLE_STRICT_OBJC_MSGSEND = YES;
				GCC_C_LANGUAGE_STANDARD = gnu11;
				GCC_NO_COMMON_BLOCKS = YES;
				GCC_WARN_64_TO_32_BIT_CONVERSION = YES;
				GCC_WARN_ABOUT_RETURN_TYPE = YES_ERROR;
				GCC_WARN_UNDECLARED_SELECTOR = YES;
				GCC_WARN_UNINITIALIZED_AUTOS = YES_AGGRESSIVE;
				GCC_WARN_UNUSED_FUNCTION = YES;
				GCC_WARN_UNUSED_VARIABLE = YES;
				IPHONEOS_DEPLOYMENT_TARGET = 16.0;
				MTL_ENABLE_DEBUG_INFO = NO;
				MTL_FAST_MATH = YES;
				SDKROOT = iphoneos;
				SWIFT_COMPILATION_MODE = wholemodule;
				SWIFT_OPTIMIZATION_LEVEL = "-O";
				VALIDATE_PRODUCT = YES;
			};
			name = Release;
		};
		B5B776A828F4326B0034F302 /* Debug */ = {
			isa = XCBuildConfiguration;
			buildSettings = {
				ASSETCATALOG_COMPILER_APPICON_NAME = AppIcon;
				ASSETCATALOG_COMPILER_GLOBAL_ACCENT_COLOR_NAME = AccentColor;
				CODE_SIGN_STYLE = Automatic;
				CURRENT_PROJECT_VERSION = 1;
				GENERATE_INFOPLIST_FILE = YES;
				INFOPLIST_FILE = Pokemon/Info.plist;
				INFOPLIST_KEY_UIApplicationSupportsIndirectInputEvents = YES;
				INFOPLIST_KEY_UILaunchStoryboardName = LaunchScreen;
				INFOPLIST_KEY_UISupportedInterfaceOrientations_iPad = "UIInterfaceOrientationPortrait UIInterfaceOrientationPortraitUpsideDown UIInterfaceOrientationLandscapeLeft UIInterfaceOrientationLandscapeRight";
				INFOPLIST_KEY_UISupportedInterfaceOrientations_iPhone = "UIInterfaceOrientationPortrait UIInterfaceOrientationLandscapeLeft UIInterfaceOrientationLandscapeRight";
				LD_RUNPATH_SEARCH_PATHS = (
					"$(inherited)",
					"@executable_path/Frameworks",
				);
				MARKETING_VERSION = 1.0;
				PRODUCT_BUNDLE_IDENTIFIER = "com.zap-map.Pokemon";
				PRODUCT_NAME = "$(TARGET_NAME)";
				SWIFT_EMIT_LOC_STRINGS = YES;
				SWIFT_VERSION = 5.0;
				TARGETED_DEVICE_FAMILY = "1,2";
			};
			name = Debug;
		};
		B5B776A928F4326B0034F302 /* Release */ = {
			isa = XCBuildConfiguration;
			buildSettings = {
				ASSETCATALOG_COMPILER_APPICON_NAME = AppIcon;
				ASSETCATALOG_COMPILER_GLOBAL_ACCENT_COLOR_NAME = AccentColor;
				CODE_SIGN_STYLE = Automatic;
				CURRENT_PROJECT_VERSION = 1;
				GENERATE_INFOPLIST_FILE = YES;
				INFOPLIST_FILE = Pokemon/Info.plist;
				INFOPLIST_KEY_UIApplicationSupportsIndirectInputEvents = YES;
				INFOPLIST_KEY_UILaunchStoryboardName = LaunchScreen;
				INFOPLIST_KEY_UISupportedInterfaceOrientations_iPad = "UIInterfaceOrientationPortrait UIInterfaceOrientationPortraitUpsideDown UIInterfaceOrientationLandscapeLeft UIInterfaceOrientationLandscapeRight";
				INFOPLIST_KEY_UISupportedInterfaceOrientations_iPhone = "UIInterfaceOrientationPortrait UIInterfaceOrientationLandscapeLeft UIInterfaceOrientationLandscapeRight";
				LD_RUNPATH_SEARCH_PATHS = (
					"$(inherited)",
					"@executable_path/Frameworks",
				);
				MARKETING_VERSION = 1.0;
				PRODUCT_BUNDLE_IDENTIFIER = "com.zap-map.Pokemon";
				PRODUCT_NAME = "$(TARGET_NAME)";
				SWIFT_EMIT_LOC_STRINGS = YES;
				SWIFT_VERSION = 5.0;
				TARGETED_DEVICE_FAMILY = "1,2";
			};
			name = Release;
		};
		B5B776AB28F4326B0034F302 /* Debug */ = {
			isa = XCBuildConfiguration;
			buildSettings = {
				ALWAYS_EMBED_SWIFT_STANDARD_LIBRARIES = YES;
				BUNDLE_LOADER = "$(TEST_HOST)";
				CODE_SIGN_STYLE = Automatic;
				CURRENT_PROJECT_VERSION = 1;
				GENERATE_INFOPLIST_FILE = YES;
				IPHONEOS_DEPLOYMENT_TARGET = 16.0;
				MARKETING_VERSION = 1.0;
				PRODUCT_BUNDLE_IDENTIFIER = "com.zap-map.PokemonTests";
				PRODUCT_NAME = "$(TARGET_NAME)";
				SWIFT_EMIT_LOC_STRINGS = NO;
				SWIFT_VERSION = 5.0;
				TARGETED_DEVICE_FAMILY = "1,2";
				TEST_HOST = "$(BUILT_PRODUCTS_DIR)/Pokemon.app/$(BUNDLE_EXECUTABLE_FOLDER_PATH)/Pokemon";
			};
			name = Debug;
		};
		B5B776AC28F4326B0034F302 /* Release */ = {
			isa = XCBuildConfiguration;
			buildSettings = {
				ALWAYS_EMBED_SWIFT_STANDARD_LIBRARIES = YES;
				BUNDLE_LOADER = "$(TEST_HOST)";
				CODE_SIGN_STYLE = Automatic;
				CURRENT_PROJECT_VERSION = 1;
				GENERATE_INFOPLIST_FILE = YES;
				IPHONEOS_DEPLOYMENT_TARGET = 16.0;
				MARKETING_VERSION = 1.0;
				PRODUCT_BUNDLE_IDENTIFIER = "com.zap-map.PokemonTests";
				PRODUCT_NAME = "$(TARGET_NAME)";
				SWIFT_EMIT_LOC_STRINGS = NO;
				SWIFT_VERSION = 5.0;
				TARGETED_DEVICE_FAMILY = "1,2";
				TEST_HOST = "$(BUILT_PRODUCTS_DIR)/Pokemon.app/$(BUNDLE_EXECUTABLE_FOLDER_PATH)/Pokemon";
			};
			name = Release;
		};
		B5B776AE28F4326B0034F302 /* Debug */ = {
			isa = XCBuildConfiguration;
			buildSettings = {
				ALWAYS_EMBED_SWIFT_STANDARD_LIBRARIES = YES;
				CODE_SIGN_STYLE = Automatic;
				CURRENT_PROJECT_VERSION = 1;
				GENERATE_INFOPLIST_FILE = YES;
				MARKETING_VERSION = 1.0;
				PRODUCT_BUNDLE_IDENTIFIER = "com.zap-map.PokemonUITests";
				PRODUCT_NAME = "$(TARGET_NAME)";
				SWIFT_EMIT_LOC_STRINGS = NO;
				SWIFT_VERSION = 5.0;
				TARGETED_DEVICE_FAMILY = "1,2";
				TEST_TARGET_NAME = Pokemon;
			};
			name = Debug;
		};
		B5B776AF28F4326B0034F302 /* Release */ = {
			isa = XCBuildConfiguration;
			buildSettings = {
				ALWAYS_EMBED_SWIFT_STANDARD_LIBRARIES = YES;
				CODE_SIGN_STYLE = Automatic;
				CURRENT_PROJECT_VERSION = 1;
				GENERATE_INFOPLIST_FILE = YES;
				MARKETING_VERSION = 1.0;
				PRODUCT_BUNDLE_IDENTIFIER = "com.zap-map.PokemonUITests";
				PRODUCT_NAME = "$(TARGET_NAME)";
				SWIFT_EMIT_LOC_STRINGS = NO;
				SWIFT_VERSION = 5.0;
				TARGETED_DEVICE_FAMILY = "1,2";
				TEST_TARGET_NAME = Pokemon;
			};
			name = Release;
		};
/* End XCBuildConfiguration section */

/* Begin XCConfigurationList section */
		B5B7767828F432680034F302 /* Build configuration list for PBXProject "Pokemon" */ = {
			isa = XCConfigurationList;
			buildConfigurations = (
				B5B776A528F4326B0034F302 /* Debug */,
				B5B776A628F4326B0034F302 /* Release */,
			);
			defaultConfigurationIsVisible = 0;
			defaultConfigurationName = Release;
		};
		B5B776A728F4326B0034F302 /* Build configuration list for PBXNativeTarget "Pokemon" */ = {
			isa = XCConfigurationList;
			buildConfigurations = (
				B5B776A828F4326B0034F302 /* Debug */,
				B5B776A928F4326B0034F302 /* Release */,
			);
			defaultConfigurationIsVisible = 0;
			defaultConfigurationName = Release;
		};
		B5B776AA28F4326B0034F302 /* Build configuration list for PBXNativeTarget "PokemonTests" */ = {
			isa = XCConfigurationList;
			buildConfigurations = (
				B5B776AB28F4326B0034F302 /* Debug */,
				B5B776AC28F4326B0034F302 /* Release */,
			);
			defaultConfigurationIsVisible = 0;
			defaultConfigurationName = Release;
		};
		B5B776AD28F4326B0034F302 /* Build configuration list for PBXNativeTarget "PokemonUITests" */ = {
			isa = XCConfigurationList;
			buildConfigurations = (
				B5B776AE28F4326B0034F302 /* Debug */,
				B5B776AF28F4326B0034F302 /* Release */,
			);
			defaultConfigurationIsVisible = 0;
			defaultConfigurationName = Release;
		};
/* End XCConfigurationList section */

/* Begin XCSwiftPackageProductDependency section */
		B538B6B928F58AC30066BB3D /* ZoogleAnalytics */ = {
			isa = XCSwiftPackageProductDependency;
			productName = ZoogleAnalytics;
		};
/* End XCSwiftPackageProductDependency section */
	};
	rootObject = B5B7767528F432680034F302 /* Project object */;
}
